<?xml version="1.0" encoding="utf-8"?>
<Project ToolsVersion="4.0" xmlns="http://schemas.microsoft.com/developer/msbuild/2003">
  <ItemGroup>
    <Filter Include="Source Files">
      <UniqueIdentifier>{4FC737F1-C7A5-4376-A066-2A32D752A2FF}</UniqueIdentifier>
      <Extensions>cpp;c;cc;cxx;def;odl;idl;hpj;bat;asm;asmx</Extensions>
    </Filter>
    <Filter Include="Header Files">
      <UniqueIdentifier>{93995380-89BD-4b04-88EB-625FBE52EBFB}</UniqueIdentifier>
      <Extensions>h;hh;hpp;hxx;hm;inl;inc;xsd</Extensions>
    </Filter>
    <Filter Include="Resource Files">
      <UniqueIdentifier>{67DA6AB6-F800-4c08-8B7A-83BB121AAD01}</UniqueIdentifier>
      <Extensions>rc;ico;cur;bmp;dlg;rc2;rct;bin;rgs;gif;jpg;jpeg;jpe;resx;tiff;tif;png;wav;mfcribbon-ms</Extensions>
    </Filter>
    <Filter Include="CubeMan">
      <UniqueIdentifier>{43f6d997-06dd-4fb5-bc59-1ad9739641ac}</UniqueIdentifier>
    </Filter>
    <Filter Include="Lighting">
      <UniqueIdentifier>{e4bec3fc-d185-463d-9011-f925da9db61c}</UniqueIdentifier>
    </Filter>
    <Filter Include="ObjLoader">
      <UniqueIdentifier>{3c33ac04-25ec-4c1d-ae6a-ef55710bdb4d}</UniqueIdentifier>
    </Filter>
    <Filter Include="Map">
      <UniqueIdentifier>{e32eb820-3d3a-4908-9127-9d8c5f16488f}</UniqueIdentifier>
    </Filter>
    <Filter Include="ASEParser">
      <UniqueIdentifier>{b26f17ae-c47d-41c8-89e7-e31b52ceb850}</UniqueIdentifier>
    </Filter>
    <Filter Include="ASELoader">
      <UniqueIdentifier>{9974a7d5-8c60-47ba-bf82-e329ff2a3c16}</UniqueIdentifier>
    </Filter>
    <Filter Include="Tool">
      <UniqueIdentifier>{abf93b5b-4517-42a3-8373-f78e94b8d35b}</UniqueIdentifier>
    </Filter>
    <Filter Include="Peaking">
      <UniqueIdentifier>{9a73904a-97a2-410f-a93f-05bc150848a0}</UniqueIdentifier>
    </Filter>
    <Filter Include="RawLoader">
      <UniqueIdentifier>{d8e0b470-f9a1-4ebf-9b15-b4bf030d5c63}</UniqueIdentifier>
    </Filter>
    <Filter Include="XFile">
      <UniqueIdentifier>{b7dfdd3a-8a63-4fc5-9281-46916bc555ca}</UniqueIdentifier>
    </Filter>
    <Filter Include="FrustumCulling">
      <UniqueIdentifier>{05578ac2-5375-4694-abea-82e98572496f}</UniqueIdentifier>
    </Filter>
    <Filter Include="Obilion">
      <UniqueIdentifier>{d7a9d7eb-8a45-4285-96d2-1068cda013e5}</UniqueIdentifier>
    </Filter>
  </ItemGroup>
  <ItemGroup>
    <Text Include="ReadMe.txt" />
  </ItemGroup>
  <ItemGroup>
    <ClInclude Include="stdafx.h">
      <Filter>Header Files</Filter>
    </ClInclude>
    <ClInclude Include="targetver.h">
      <Filter>Header Files</Filter>
    </ClInclude>
    <ClInclude Include="Resource.h">
      <Filter>Header Files</Filter>
    </ClInclude>
    <ClInclude Include="DX3D.h">
      <Filter>Header Files</Filter>
    </ClInclude>
    <ClInclude Include="cMainGame.h">
      <Filter>Header Files</Filter>
    </ClInclude>
    <ClInclude Include="cCamera2.h">
      <Filter>Header Files</Filter>
    </ClInclude>
    <ClInclude Include="cCubePC.h">
      <Filter>Header Files</Filter>
    </ClInclude>
    <ClInclude Include="cGrid2.h">
      <Filter>Header Files</Filter>
    </ClInclude>
    <ClInclude Include="cPyramid.h">
      <Filter>Header Files</Filter>
    </ClInclude>
    <ClInclude Include="cCubePNT.h">
      <Filter>Header Files</Filter>
    </ClInclude>
    <ClInclude Include="cCubeNode.h">
      <Filter>Header Files</Filter>
    </ClInclude>
    <ClInclude Include="cBody.h">
      <Filter>CubeMan</Filter>
    </ClInclude>
    <ClInclude Include="cHead.h">
      <Filter>CubeMan</Filter>
    </ClInclude>
    <ClInclude Include="cLeftArm.h">
      <Filter>CubeMan</Filter>
    </ClInclude>
    <ClInclude Include="cLeftLeg.h">
      <Filter>CubeMan</Filter>
    </ClInclude>
    <ClInclude Include="cRightArm.h">
      <Filter>CubeMan</Filter>
    </ClInclude>
    <ClInclude Include="cRightLeg.h">
      <Filter>CubeMan</Filter>
    </ClInclude>
    <ClInclude Include="cCharacter.h">
      <Filter>Header Files</Filter>
    </ClInclude>
    <ClInclude Include="cCubeMan.h">
      <Filter>Header Files</Filter>
    </ClInclude>
    <ClInclude Include="cLight.h">
      <Filter>Lighting</Filter>
    </ClInclude>
    <ClInclude Include="cPointLight.h">
      <Filter>Lighting</Filter>
    </ClInclude>
    <ClInclude Include="cSpotLight.h">
      <Filter>Lighting</Filter>
    </ClInclude>
    <ClInclude Include="cDirectionalLight.h">
      <Filter>Lighting</Filter>
    </ClInclude>
    <ClInclude Include="cGuideline.h">
      <Filter>Header Files</Filter>
    </ClInclude>
    <ClInclude Include="cCubeMan2.h">
      <Filter>Header Files</Filter>
    </ClInclude>
    <ClInclude Include="cObjParser.h">
      <Filter>Header Files</Filter>
    </ClInclude>
    <ClInclude Include="cMtlParser.h">
      <Filter>Header Files</Filter>
    </ClInclude>
    <ClInclude Include="cCubeObj.h">
      <Filter>Header Files</Filter>
    </ClInclude>
    <ClInclude Include="cTextureManager.h">
      <Filter>ObjLoader</Filter>
    </ClInclude>
    <ClInclude Include="cObjectManager.h">
      <Filter>ObjLoader</Filter>
    </ClInclude>
    <ClInclude Include="cObjectLoader.h">
      <Filter>ObjLoader</Filter>
    </ClInclude>
    <ClInclude Include="cMtlTex.h">
      <Filter>ObjLoader</Filter>
    </ClInclude>
    <ClInclude Include="cGroup.h">
      <Filter>ObjLoader</Filter>
    </ClInclude>
    <ClInclude Include="cObject.h">
      <Filter>ObjLoader</Filter>
    </ClInclude>
    <ClInclude Include="iMap.h">
      <Filter>Map</Filter>
    </ClInclude>
    <ClInclude Include="cObjMap.h">
      <Filter>Header Files</Filter>
    </ClInclude>
    <ClInclude Include="cAseLoader.h">
      <Filter>ASEParser</Filter>
    </ClInclude>
    <ClInclude Include="cGroupNode.h">
      <Filter>ASEParser</Filter>
    </ClInclude>
    <ClInclude Include="Asciitok.h">
      <Filter>ASELoader</Filter>
    </ClInclude>
    <ClInclude Include="cFrame.h">
      <Filter>ASELoader</Filter>
    </ClInclude>
    <ClInclude Include="cAseLoader2.h">
      <Filter>ASELoader</Filter>
    </ClInclude>
    <ClInclude Include="cFrameCounter.h">
      <Filter>Tool</Filter>
    </ClInclude>
    <ClInclude Include="cSphere.h">
      <Filter>Peaking</Filter>
    </ClInclude>
    <ClInclude Include="CRay.h">
      <Filter>Peaking</Filter>
    </ClInclude>
    <ClInclude Include="cRayT.h">
      <Filter>Peaking</Filter>
    </ClInclude>
    <ClInclude Include="CHeightMapLoader.h">
      <Filter>RawLoader</Filter>
    </ClInclude>
    <ClInclude Include="cFieldMap.h">
      <Filter>RawLoader</Filter>
    </ClInclude>
    <ClInclude Include="CObj_X.h">
      <Filter>XFile</Filter>
    </ClInclude>
    <ClInclude Include="CTimeManager.h">
      <Filter>Source Files</Filter>
    </ClInclude>
    <ClInclude Include="CAllocateHierachy.h">
      <Filter>Source Files</Filter>
    </ClInclude>
    <ClInclude Include="CSkinnedMesh.h">
      <Filter>Source Files</Filter>
    </ClInclude>
    <ClInclude Include="CFrustumCube.h">
      <Filter>FrustumCulling</Filter>
    </ClInclude>
    <ClInclude Include="CFrustum.h">
      <Filter>FrustumCulling</Filter>
    </ClInclude>
    <ClInclude Include="COBB.h">
      <Filter>Obilion</Filter>
    </ClInclude>
    <ClInclude Include="CZealot.h">
      <Filter>Obilion</Filter>
    </ClInclude>
    <ClInclude Include="CSkinnedMeshManager.h">
      <Filter>Source Files</Filter>
    </ClInclude>
  </ItemGroup>
  <ItemGroup>
    <ClCompile Include="stdafx.cpp">
      <Filter>Source Files</Filter>
    </ClCompile>
    <ClCompile Include="DX3D.cpp">
      <Filter>Source Files</Filter>
    </ClCompile>
    <ClCompile Include="cMainGame.cpp">
      <Filter>Source Files</Filter>
    </ClCompile>
    <ClCompile Include="cDeviceManager.cpp">
      <Filter>Source Files</Filter>
    </ClCompile>
    <ClCompile Include="cCamera2.cpp">
      <Filter>Source Files</Filter>
    </ClCompile>
    <ClCompile Include="cCubePC.cpp">
      <Filter>Source Files</Filter>
    </ClCompile>
    <ClCompile Include="cPyramid.cpp">
      <Filter>Source Files</Filter>
    </ClCompile>
    <ClCompile Include="cGrid2.cpp">
      <Filter>Source Files</Filter>
    </ClCompile>
    <ClCompile Include="cCubePNT.cpp">
      <Filter>Source Files</Filter>
    </ClCompile>
    <ClCompile Include="cCubeNode.cpp">
      <Filter>Source Files</Filter>
    </ClCompile>
    <ClCompile Include="cBody.cpp">
      <Filter>CubeMan</Filter>
    </ClCompile>
    <ClCompile Include="cHead.cpp">
      <Filter>CubeMan</Filter>
    </ClCompile>
    <ClCompile Include="cLeftArm.cpp">
      <Filter>CubeMan</Filter>
    </ClCompile>
    <ClCompile Include="cLeftLeg.cpp">
      <Filter>CubeMan</Filter>
    </ClCompile>
    <ClCompile Include="cRightArm.cpp">
      <Filter>CubeMan</Filter>
    </ClCompile>
    <ClCompile Include="cRightLeg.cpp">
      <Filter>CubeMan</Filter>
    </ClCompile>
    <ClCompile Include="cCharacter.cpp">
      <Filter>Source Files</Filter>
    </ClCompile>
    <ClCompile Include="cCubeMan.cpp">
      <Filter>Source Files</Filter>
    </ClCompile>
    <ClCompile Include="cPointLight.cpp">
      <Filter>Lighting</Filter>
    </ClCompile>
    <ClCompile Include="cSpotLight.cpp">
      <Filter>Lighting</Filter>
    </ClCompile>
    <ClCompile Include="cDirectionalLight.cpp">
      <Filter>Lighting</Filter>
    </ClCompile>
    <ClCompile Include="cLight.cpp">
      <Filter>Lighting</Filter>
    </ClCompile>
    <ClCompile Include="cGuideline.cpp">
      <Filter>Source Files</Filter>
    </ClCompile>
    <ClCompile Include="cCubeMan2.cpp">
      <Filter>Source Files</Filter>
    </ClCompile>
    <ClCompile Include="cObjParser.cpp">
      <Filter>Source Files</Filter>
    </ClCompile>
    <ClCompile Include="cMtlParser.cpp">
      <Filter>Source Files</Filter>
    </ClCompile>
    <ClCompile Include="cCubeObj.cpp">
      <Filter>Source Files</Filter>
    </ClCompile>
    <ClCompile Include="cGroup.cpp">
      <Filter>ObjLoader</Filter>
    </ClCompile>
    <ClCompile Include="cMtlTex.cpp">
      <Filter>ObjLoader</Filter>
    </ClCompile>
    <ClCompile Include="cObject.cpp">
      <Filter>ObjLoader</Filter>
    </ClCompile>
    <ClCompile Include="cObjectLoader.cpp">
      <Filter>ObjLoader</Filter>
    </ClCompile>
    <ClCompile Include="cObjectManager.cpp">
      <Filter>ObjLoader</Filter>
    </ClCompile>
    <ClCompile Include="cTextureManager.cpp">
      <Filter>ObjLoader</Filter>
    </ClCompile>
    <ClCompile Include="cObjMap.cpp">
      <Filter>Source Files</Filter>
    </ClCompile>
    <ClCompile Include="cAseLoader.cpp">
      <Filter>ASEParser</Filter>
    </ClCompile>
    <ClCompile Include="cGroupNode.cpp">
      <Filter>ASEParser</Filter>
    </ClCompile>
    <ClCompile Include="cFrameCounter.cpp">
      <Filter>Tool</Filter>
    </ClCompile>
    <ClCompile Include="iMap.cpp">
      <Filter>Map</Filter>
    </ClCompile>
    <ClCompile Include="cAseLoader2.cpp">
      <Filter>ASELoader</Filter>
    </ClCompile>
    <ClCompile Include="cFrame.cpp">
      <Filter>ASELoader</Filter>
    </ClCompile>
    <ClCompile Include="cSphere.cpp">
      <Filter>Peaking</Filter>
    </ClCompile>
    <ClCompile Include="CRay.cpp">
      <Filter>Peaking</Filter>
    </ClCompile>
    <ClCompile Include="cRayT.cpp">
      <Filter>Source Files</Filter>
    </ClCompile>
    <ClCompile Include="CHeightMapLoader.cpp">
      <Filter>RawLoader</Filter>
    </ClCompile>
    <ClCompile Include="cFieldMap.cpp">
      <Filter>RawLoader</Filter>
    </ClCompile>
    <ClCompile Include="CObj_X.cpp">
      <Filter>XFile</Filter>
    </ClCompile>
    <ClCompile Include="CTimeManager.cpp">
      <Filter>Source Files</Filter>
    </ClCompile>
    <ClCompile Include="CAllocateHierachy.cpp">
      <Filter>Source Files</Filter>
    </ClCompile>
    <ClCompile Include="CSkinnedMesh.cpp">
      <Filter>Source Files</Filter>
    </ClCompile>
    <ClCompile Include="CFrustumCube.cpp">
      <Filter>FrustumCulling</Filter>
    </ClCompile>
    <ClCompile Include="CFrustum.cpp">
      <Filter>FrustumCulling</Filter>
    </ClCompile>
    <ClCompile Include="COBB.cpp">
      <Filter>Source Files</Filter>
    </ClCompile>
    <ClCompile Include="CZealot.cpp">
      <Filter>Source Files</Filter>
    </ClCompile>
    <ClCompile Include="CSkinnedMeshManager.cpp">
      <Filter>Source Files</Filter>
    </ClCompile>
  </ItemGroup>
  <ItemGroup>
    <ResourceCompile Include="DX3D.rc">
      <Filter>Resource Files</Filter>
    </ResourceCompile>
  </ItemGroup>
  <ItemGroup>
    <Image Include="small.ico">
      <Filter>Resource Files</Filter>
    </Image>
    <Image Include="DX3D.ico">
      <Filter>Resource Files</Filter>
    </Image>
  </ItemGroup>
</Project>