
Microsoft Visual Studio Solution File, Format Version 12.00
# Visual Studio Version 16
VisualStudioVersion = 16.0.30804.86
MinimumVisualStudioVersion = 10.0.40219.1
Project("{9A19103F-16F7-4668-BE54-9A1E7A4F7556}") = "RacingTool", "RacingTool\RacingTool.csproj", "{914BEEA1-9A8B-441B-8931-2ABA1EB46CCB}"
EndProject
Project("{9A19103F-16F7-4668-BE54-9A1E7A4F7556}") = "TheQuest", "TheQuest\TheQuest.csproj", "{6912AE88-66C2-4BC0-8D8E-38F505CDE398}"
EndProject
Project("{FAE04EC0-301F-11D3-BF4B-00C04F79EFBC}") = "Invaders", "Invaders\Invaders.csproj", "{FE00A6A3-F06F-4FFE-9ADB-5D5D1AF8F7EB}"
EndProject
Global
	GlobalSection(SolutionConfigurationPlatforms) = preSolution
		Debug|Any CPU = Debug|Any CPU
		Release|Any CPU = Release|Any CPU
	EndGlobalSection
	GlobalSection(ProjectConfigurationPlatforms) = postSolution
		{914BEEA1-9A8B-441B-8931-2ABA1EB46CCB}.Debug|Any CPU.ActiveCfg = Debug|Any CPU
		{914BEEA1-9A8B-441B-8931-2ABA1EB46CCB}.Debug|Any CPU.Build.0 = Debug|Any CPU
		{914BEEA1-9A8B-441B-8931-2ABA1EB46CCB}.Release|Any CPU.ActiveCfg = Release|Any CPU
		{914BEEA1-9A8B-441B-8931-2ABA1EB46CCB}.Release|Any CPU.Build.0 = Release|Any CPU
		{6912AE88-66C2-4BC0-8D8E-38F505CDE398}.Debug|Any CPU.ActiveCfg = Debug|Any CPU
		{6912AE88-66C2-4BC0-8D8E-38F505CDE398}.Debug|Any CPU.Build.0 = Debug|Any CPU
		{6912AE88-66C2-4BC0-8D8E-38F505CDE398}.Release|Any CPU.ActiveCfg = Release|Any CPU
		{6912AE88-66C2-4BC0-8D8E-38F505CDE398}.Release|Any CPU.Build.0 = Release|Any CPU
		{FE00A6A3-F06F-4FFE-9ADB-5D5D1AF8F7EB}.Debug|Any CPU.ActiveCfg = Debug|Any CPU
		{FE00A6A3-F06F-4FFE-9ADB-5D5D1AF8F7EB}.Debug|Any CPU.Build.0 = Debug|Any CPU
		{FE00A6A3-F06F-4FFE-9ADB-5D5D1AF8F7EB}.Release|Any CPU.ActiveCfg = Release|Any CPU
		{FE00A6A3-F06F-4FFE-9ADB-5D5D1AF8F7EB}.Release|Any CPU.Build.0 = Release|Any CPU
	EndGlobalSection
	GlobalSection(SolutionProperties) = preSolution
		HideSolutionNode = FALSE
	EndGlobalSection
	GlobalSection(ExtensibilityGlobals) = postSolution
		SolutionGuid = {A881D23B-8C3C-4BD4-B630-0E7D6DE62A3B}
	EndGlobalSection
EndGlobal
